PODS:
  - BonMot (3.2):
    - BonMot/Core (= 3.2)
  - BonMot/Core (3.2)
  - BonMot/UIKit (3.2):
    - BonMot/Core

DEPENDENCIES:
  - BonMot (from `../`)
  - BonMot/UIKit (from `../`)

EXTERNAL SOURCES:
  BonMot:
    :path: "../"

SPEC CHECKSUMS:
  BonMot: 039d91a9f7e408ed21e8627bb093a926e34553e0

PODFILE CHECKSUM: ae4abcb634e4918fa15395e23a8db9ca1dccad55

COCOAPODS: 1.0.1
