PODS:
  - BonMot (4.0-beta1):
    - BonMot/Core (= 4.0-beta1)
  - BonMot/Core (4.0-beta1)

DEPENDENCIES:
  - BonMot (from `../`)

EXTERNAL SOURCES:
  BonMot:
    :path: "../"

SPEC CHECKSUMS:
  BonMot: b36197c866ab3cffab1c16f1fc4c213d07f3a566

PODFILE CHECKSUM: 47d8ac46df2a51c03a6cc74e5281702451940d6a

COCOAPODS: 1.1.0.rc.2
