// !$*UTF8*$!
{
	archiveVersion = 1;
	classes = {
	};
	objectVersion = 46;
	objects = {

/* Begin PBXBuildFile section */
		14A806079B0C19B4DE676067 /* libPods-Tests.a in Frameworks */ = {isa = PBXBuildFile; fileRef = AA5CE135D846CCB2972ED1F8 /* libPods-Tests.a */; };
		26380D145A6D2DDDE4686DC5 /* libPods-BonMot.a in Frameworks */ = {isa = PBXBuildFile; fileRef = 21F8FBA353FF63A44E9AE612 /* libPods-BonMot.a */; };
		6003F58E195388D20070C39A /* Foundation.framework in Frameworks */ = {isa = PBXBuildFile; fileRef = 6003F58D195388D20070C39A /* Foundation.framework */; };
		6003F590195388D20070C39A /* CoreGraphics.framework in Frameworks */ = {isa = PBXBuildFile; fileRef = 6003F58F195388D20070C39A /* CoreGraphics.framework */; };
		6003F592195388D20070C39A /* UIKit.framework in Frameworks */ = {isa = PBXBuildFile; fileRef = 6003F591195388D20070C39A /* UIKit.framework */; };
		6003F598195388D20070C39A /* InfoPlist.strings in Resources */ = {isa = PBXBuildFile; fileRef = 6003F596195388D20070C39A /* InfoPlist.strings */; };
		6003F59A195388D20070C39A /* main.m in Sources */ = {isa = PBXBuildFile; fileRef = 6003F599195388D20070C39A /* main.m */; };
		6003F59E195388D20070C39A /* AppDelegate.m in Sources */ = {isa = PBXBuildFile; fileRef = 6003F59D195388D20070C39A /* AppDelegate.m */; };
		6003F5A1195388D20070C39A /* Main.storyboard in Resources */ = {isa = PBXBuildFile; fileRef = 6003F59F195388D20070C39A /* Main.storyboard */; };
		6003F5A7195388D20070C39A /* RootViewController.m in Sources */ = {isa = PBXBuildFile; fileRef = 6003F5A6195388D20070C39A /* RootViewController.m */; };
		6003F5A9195388D20070C39A /* Images.xcassets in Resources */ = {isa = PBXBuildFile; fileRef = 6003F5A8195388D20070C39A /* Images.xcassets */; };
		6003F5B0195388D20070C39A /* XCTest.framework in Frameworks */ = {isa = PBXBuildFile; fileRef = 6003F5AF195388D20070C39A /* XCTest.framework */; };
		6003F5B1195388D20070C39A /* Foundation.framework in Frameworks */ = {isa = PBXBuildFile; fileRef = 6003F58D195388D20070C39A /* Foundation.framework */; };
		6003F5B2195388D20070C39A /* UIKit.framework in Frameworks */ = {isa = PBXBuildFile; fileRef = 6003F591195388D20070C39A /* UIKit.framework */; };
		6003F5BA195388D20070C39A /* InfoPlist.strings in Resources */ = {isa = PBXBuildFile; fileRef = 6003F5B8195388D20070C39A /* InfoPlist.strings */; };
		720F06361BD819400077DC84 /* BONChainEmptyStringTestCase.m in Sources */ = {isa = PBXBuildFile; fileRef = 720F06351BD819400077DC84 /* BONChainEmptyStringTestCase.m */; };
		7A5A12CA1AF6685400D111BA /* Launch Screen.xib in Resources */ = {isa = PBXBuildFile; fileRef = 7A5A12C91AF6685400D111BA /* Launch Screen.xib */; };
		8FA6E2DDD5E6EC28DC1FD6CF /* libPods-BonMot.a in Frameworks */ = {isa = PBXBuildFile; fileRef = A647FB2263DC7F8E3F265C4A /* libPods-BonMot.a */; };
		CD24988D1B30CBA90055F2A7 /* BONTrackingTestCase.m in Sources */ = {isa = PBXBuildFile; fileRef = CD24988C1B30CBA90055F2A7 /* BONTrackingTestCase.m */; };
		CD356FD61B59B55D00572331 /* SpecialCharactersCell.m in Sources */ = {isa = PBXBuildFile; fileRef = CD356FD41B59B55D00572331 /* SpecialCharactersCell.m */; };
		CD356FD71B59B55D00572331 /* SpecialCharactersCell.xib in Resources */ = {isa = PBXBuildFile; fileRef = CD356FD51B59B55D00572331 /* SpecialCharactersCell.xib */; };
		CD39D86E1B7FE1CB00336231 /* BONIndentSpacerTestCase.m in Sources */ = {isa = PBXBuildFile; fileRef = CD39D86D1B7FE1CB00336231 /* BONIndentSpacerTestCase.m */; };
		CD39D8701B7FE32800336231 /* Images.xcassets in Resources */ = {isa = PBXBuildFile; fileRef = 6003F5A8195388D20070C39A /* Images.xcassets */; };
		CD79AF3D1AE5820700D9F0C5 /* LineHeightCell.m in Sources */ = {isa = PBXBuildFile; fileRef = CD79AF3C1AE5820700D9F0C5 /* LineHeightCell.m */; };
		CD79AF401AE5821A00D9F0C5 /* FigureStyleCell.m in Sources */ = {isa = PBXBuildFile; fileRef = CD79AF3F1AE5821A00D9F0C5 /* FigureStyleCell.m */; };
		CD79AF431AE5823200D9F0C5 /* BaselineCapHeightCell.m in Sources */ = {isa = PBXBuildFile; fileRef = CD79AF421AE5823200D9F0C5 /* BaselineCapHeightCell.m */; };
		CD79AF461AE5824000D9F0C5 /* InlineImagesCell.m in Sources */ = {isa = PBXBuildFile; fileRef = CD79AF451AE5824000D9F0C5 /* InlineImagesCell.m */; };
		CD79AF491AE5824F00D9F0C5 /* ConcatenationCell.m in Sources */ = {isa = PBXBuildFile; fileRef = CD79AF481AE5824F00D9F0C5 /* ConcatenationCell.m */; };
		CD79AF4C1AE5873D00D9F0C5 /* BaselineOffsetCell.m in Sources */ = {isa = PBXBuildFile; fileRef = CD79AF4B1AE5873D00D9F0C5 /* BaselineOffsetCell.m */; };
		CD79AF4E1AE58B1900D9F0C5 /* BaselineCapHeightCell.xib in Resources */ = {isa = PBXBuildFile; fileRef = CD79AF4D1AE58B1900D9F0C5 /* BaselineCapHeightCell.xib */; };
		CD79AF501AE58B5600D9F0C5 /* TrackingCell.xib in Resources */ = {isa = PBXBuildFile; fileRef = CD79AF4F1AE58B5600D9F0C5 /* TrackingCell.xib */; };
		CD79AF521AE58BC200D9F0C5 /* LineHeightCell.xib in Resources */ = {isa = PBXBuildFile; fileRef = CD79AF511AE58BC200D9F0C5 /* LineHeightCell.xib */; };
		CD79AF541AE58BC700D9F0C5 /* FigureStyleCell.xib in Resources */ = {isa = PBXBuildFile; fileRef = CD79AF531AE58BC700D9F0C5 /* FigureStyleCell.xib */; };
		CD79AF561AE58BCE00D9F0C5 /* InlineImagesCell.xib in Resources */ = {isa = PBXBuildFile; fileRef = CD79AF551AE58BCE00D9F0C5 /* InlineImagesCell.xib */; };
		CD79AF581AE58BD800D9F0C5 /* BaselineOffsetCell.xib in Resources */ = {isa = PBXBuildFile; fileRef = CD79AF571AE58BD800D9F0C5 /* BaselineOffsetCell.xib */; };
		CD79AF5A1AE58BDF00D9F0C5 /* ConcatenationCell.xib in Resources */ = {isa = PBXBuildFile; fileRef = CD79AF591AE58BDF00D9F0C5 /* ConcatenationCell.xib */; };
		CD9652561AE58DB90013C6B1 /* AbstractCell.m in Sources */ = {isa = PBXBuildFile; fileRef = CD9652551AE58DB90013C6B1 /* AbstractCell.m */; };
		CD9E41581AE44B3E00ECFBFB /* TrackingCell.m in Sources */ = {isa = PBXBuildFile; fileRef = CD9E41561AE44B3E00ECFBFB /* TrackingCell.m */; };
		CD9E415D1AE46F3B00ECFBFB /* DashedHairlineView.m in Sources */ = {isa = PBXBuildFile; fileRef = CD9E415C1AE46F3B00ECFBFB /* DashedHairlineView.m */; };
		CDAB918C1B5F2A410023E432 /* BONTextAlignmentConstraintTestCase.m in Sources */ = {isa = PBXBuildFile; fileRef = CDAB918B1B5F2A410023E432 /* BONTextAlignmentConstraintTestCase.m */; };
		CDB461F71B63246D00F1B49B /* ProgrammaticBaselineCapHeightCell.m in Sources */ = {isa = PBXBuildFile; fileRef = CDB461F51B63246D00F1B49B /* ProgrammaticBaselineCapHeightCell.m */; };
		CDB461F81B63246D00F1B49B /* ProgrammaticBaselineCapHeightCell.xib in Resources */ = {isa = PBXBuildFile; fileRef = CDB461F61B63246D00F1B49B /* ProgrammaticBaselineCapHeightCell.xib */; };
		CDB7D3591BC86FF8006B842F /* BONChainableTestCase.m in Sources */ = {isa = PBXBuildFile; fileRef = CDB7D3581BC86FF8006B842F /* BONChainableTestCase.m */; };
		CDB7D35B1BC88C05006B842F /* BONPropertyClobberingTestCase.m in Sources */ = {isa = PBXBuildFile; fileRef = CDB7D35A1BC88C05006B842F /* BONPropertyClobberingTestCase.m */; };
		CDD4B9ED1AEB2C3F00B02A0A /* ColorCell.m in Sources */ = {isa = PBXBuildFile; fileRef = CDD4B9EB1AEB2C3F00B02A0A /* ColorCell.m */; };
		CDD4B9EE1AEB2C3F00B02A0A /* ColorCell.xib in Resources */ = {isa = PBXBuildFile; fileRef = CDD4B9EC1AEB2C3F00B02A0A /* ColorCell.xib */; };
		CDDFD7EC1B7F9D4700A87008 /* IndentationCell.m in Sources */ = {isa = PBXBuildFile; fileRef = CDDFD7EA1B7F9D4700A87008 /* IndentationCell.m */; };
		CDDFD7ED1B7F9D4700A87008 /* IndentationCell.xib in Resources */ = {isa = PBXBuildFile; fileRef = CDDFD7EB1B7F9D4700A87008 /* IndentationCell.xib */; };
		CDFC93B81AE59FCA00C2B7C9 /* EBGaramond12-Regular.otf in Resources */ = {isa = PBXBuildFile; fileRef = CDFC93B71AE59FCA00C2B7C9 /* EBGaramond12-Regular.otf */; };
		CDFCA9E11B5078E0000E47DB /* BONBaseTestCase.m in Sources */ = {isa = PBXBuildFile; fileRef = CDFCA9E01B5078E0000E47DB /* BONBaseTestCase.m */; };
		CDFDF5511B51880D00A1AD42 /* NSDictionary+BONEquality.m in Sources */ = {isa = PBXBuildFile; fileRef = CDFDF5501B51880D00A1AD42 /* NSDictionary+BONEquality.m */; };
		CDFDF5521B51880D00A1AD42 /* NSDictionary+BONEquality.m in Sources */ = {isa = PBXBuildFile; fileRef = CDFDF5501B51880D00A1AD42 /* NSDictionary+BONEquality.m */; };
		CDFDF5541B518F3900A1AD42 /* BONDictionaryEqualityTestCase.m in Sources */ = {isa = PBXBuildFile; fileRef = CDFDF5531B518F3900A1AD42 /* BONDictionaryEqualityTestCase.m */; };
/* End PBXBuildFile section */

/* Begin PBXContainerItemProxy section */
		6003F5B3195388D20070C39A /* PBXContainerItemProxy */ = {
			isa = PBXContainerItemProxy;
			containerPortal = 6003F582195388D10070C39A /* Project object */;
			proxyType = 1;
			remoteGlobalIDString = 6003F589195388D20070C39A;
			remoteInfo = BonMot;
		};
/* End PBXContainerItemProxy section */

/* Begin PBXFileReference section */
		014804514A6243D91F7F3623 /* Pods-Tests.release.xcconfig */ = {isa = PBXFileReference; includeInIndex = 1; lastKnownFileType = text.xcconfig; name = "Pods-Tests.release.xcconfig"; path = "Pods/Target Support Files/Pods-Tests/Pods-Tests.release.xcconfig"; sourceTree = "<group>"; };
		07E8C8E277A0BC3EC7C6AF3D /* BonMot.podspec */ = {isa = PBXFileReference; includeInIndex = 1; lastKnownFileType = text; name = BonMot.podspec; path = ../BonMot.podspec; sourceTree = "<group>"; };
		1E84D35CA3666CF0D172AD61 /* Pods-BonMot.debug.xcconfig */ = {isa = PBXFileReference; includeInIndex = 1; lastKnownFileType = text.xcconfig; name = "Pods-BonMot.debug.xcconfig"; path = "Pods/Target Support Files/Pods-BonMot/Pods-BonMot.debug.xcconfig"; sourceTree = "<group>"; };
		21BCF2089CBF744CCAE1A354 /* LICENSE */ = {isa = PBXFileReference; includeInIndex = 1; lastKnownFileType = text; name = LICENSE; path = ../LICENSE; sourceTree = "<group>"; };
		21F5F9A6570398B4631B98DF /* README.md */ = {isa = PBXFileReference; includeInIndex = 1; lastKnownFileType = net.daringfireball.markdown; name = README.md; path = ../README.md; sourceTree = "<group>"; };
		21F8FBA353FF63A44E9AE612 /* libPods-BonMot.a */ = {isa = PBXFileReference; explicitFileType = archive.ar; includeInIndex = 0; path = "libPods-BonMot.a"; sourceTree = BUILT_PRODUCTS_DIR; };
		4CA7B4AEE15A750779C800C9 /* Pods-BonMot.debug.xcconfig */ = {isa = PBXFileReference; includeInIndex = 1; lastKnownFileType = text.xcconfig; name = "Pods-BonMot.debug.xcconfig"; path = "Pods/Target Support Files/Pods-BonMot/Pods-BonMot.debug.xcconfig"; sourceTree = "<group>"; };
		6003F58A195388D20070C39A /* BonMot.app */ = {isa = PBXFileReference; explicitFileType = wrapper.application; includeInIndex = 0; path = BonMot.app; sourceTree = BUILT_PRODUCTS_DIR; };
		6003F58D195388D20070C39A /* Foundation.framework */ = {isa = PBXFileReference; lastKnownFileType = wrapper.framework; name = Foundation.framework; path = System/Library/Frameworks/Foundation.framework; sourceTree = SDKROOT; };
		6003F58F195388D20070C39A /* CoreGraphics.framework */ = {isa = PBXFileReference; lastKnownFileType = wrapper.framework; name = CoreGraphics.framework; path = System/Library/Frameworks/CoreGraphics.framework; sourceTree = SDKROOT; };
		6003F591195388D20070C39A /* UIKit.framework */ = {isa = PBXFileReference; lastKnownFileType = wrapper.framework; name = UIKit.framework; path = System/Library/Frameworks/UIKit.framework; sourceTree = SDKROOT; };
		6003F595195388D20070C39A /* BonMot-Info.plist */ = {isa = PBXFileReference; lastKnownFileType = text.plist.xml; path = "BonMot-Info.plist"; sourceTree = "<group>"; };
		6003F597195388D20070C39A /* en */ = {isa = PBXFileReference; lastKnownFileType = text.plist.strings; name = en; path = en.lproj/InfoPlist.strings; sourceTree = "<group>"; };
		6003F599195388D20070C39A /* main.m */ = {isa = PBXFileReference; lastKnownFileType = sourcecode.c.objc; path = main.m; sourceTree = "<group>"; };
		6003F59C195388D20070C39A /* AppDelegate.h */ = {isa = PBXFileReference; lastKnownFileType = sourcecode.c.h; path = AppDelegate.h; sourceTree = "<group>"; };
		6003F59D195388D20070C39A /* AppDelegate.m */ = {isa = PBXFileReference; lastKnownFileType = sourcecode.c.objc; path = AppDelegate.m; sourceTree = "<group>"; };
		6003F5A0195388D20070C39A /* Base */ = {isa = PBXFileReference; lastKnownFileType = file.storyboard; name = Base; path = Base.lproj/Main.storyboard; sourceTree = "<group>"; };
		6003F5A5195388D20070C39A /* RootViewController.h */ = {isa = PBXFileReference; lastKnownFileType = sourcecode.c.h; path = RootViewController.h; sourceTree = "<group>"; };
		6003F5A6195388D20070C39A /* RootViewController.m */ = {isa = PBXFileReference; lastKnownFileType = sourcecode.c.objc; path = RootViewController.m; sourceTree = "<group>"; };
		6003F5A8195388D20070C39A /* Images.xcassets */ = {isa = PBXFileReference; lastKnownFileType = folder.assetcatalog; path = Images.xcassets; sourceTree = "<group>"; };
		6003F5AE195388D20070C39A /* Tests.xctest */ = {isa = PBXFileReference; explicitFileType = wrapper.cfbundle; includeInIndex = 0; path = Tests.xctest; sourceTree = BUILT_PRODUCTS_DIR; };
		6003F5AF195388D20070C39A /* XCTest.framework */ = {isa = PBXFileReference; lastKnownFileType = wrapper.framework; name = XCTest.framework; path = Library/Frameworks/XCTest.framework; sourceTree = DEVELOPER_DIR; };
		6003F5B7195388D20070C39A /* Tests-Info.plist */ = {isa = PBXFileReference; lastKnownFileType = text.plist.xml; path = "Tests-Info.plist"; sourceTree = "<group>"; };
		6003F5B9195388D20070C39A /* en */ = {isa = PBXFileReference; lastKnownFileType = text.plist.strings; name = en; path = en.lproj/InfoPlist.strings; sourceTree = "<group>"; };
		720F06351BD819400077DC84 /* BONChainEmptyStringTestCase.m */ = {isa = PBXFileReference; fileEncoding = 4; lastKnownFileType = sourcecode.c.objc; path = BONChainEmptyStringTestCase.m; sourceTree = "<group>"; };
		7A5A12C91AF6685400D111BA /* Launch Screen.xib */ = {isa = PBXFileReference; fileEncoding = 4; lastKnownFileType = file.xib; path = "Launch Screen.xib"; sourceTree = "<group>"; };
		A647FB2263DC7F8E3F265C4A /* libPods-BonMot.a */ = {isa = PBXFileReference; explicitFileType = archive.ar; includeInIndex = 0; path = "libPods-BonMot.a"; sourceTree = BUILT_PRODUCTS_DIR; };
		AA5CE135D846CCB2972ED1F8 /* libPods-Tests.a */ = {isa = PBXFileReference; explicitFileType = archive.ar; includeInIndex = 0; path = "libPods-Tests.a"; sourceTree = BUILT_PRODUCTS_DIR; };
		CD24988C1B30CBA90055F2A7 /* BONTrackingTestCase.m */ = {isa = PBXFileReference; fileEncoding = 4; lastKnownFileType = sourcecode.c.objc; path = BONTrackingTestCase.m; sourceTree = "<group>"; };
		CD356FD31B59B55D00572331 /* SpecialCharactersCell.h */ = {isa = PBXFileReference; fileEncoding = 4; lastKnownFileType = sourcecode.c.h; path = SpecialCharactersCell.h; sourceTree = "<group>"; };
		CD356FD41B59B55D00572331 /* SpecialCharactersCell.m */ = {isa = PBXFileReference; fileEncoding = 4; lastKnownFileType = sourcecode.c.objc; path = SpecialCharactersCell.m; sourceTree = "<group>"; };
		CD356FD51B59B55D00572331 /* SpecialCharactersCell.xib */ = {isa = PBXFileReference; fileEncoding = 4; lastKnownFileType = file.xib; path = SpecialCharactersCell.xib; sourceTree = "<group>"; };
		CD39D86D1B7FE1CB00336231 /* BONIndentSpacerTestCase.m */ = {isa = PBXFileReference; fileEncoding = 4; lastKnownFileType = sourcecode.c.objc; path = BONIndentSpacerTestCase.m; sourceTree = "<group>"; };
		CD79AF3B1AE5820700D9F0C5 /* LineHeightCell.h */ = {isa = PBXFileReference; fileEncoding = 4; lastKnownFileType = sourcecode.c.h; path = LineHeightCell.h; sourceTree = "<group>"; };
		CD79AF3C1AE5820700D9F0C5 /* LineHeightCell.m */ = {isa = PBXFileReference; fileEncoding = 4; lastKnownFileType = sourcecode.c.objc; path = LineHeightCell.m; sourceTree = "<group>"; };
		CD79AF3E1AE5821A00D9F0C5 /* FigureStyleCell.h */ = {isa = PBXFileReference; fileEncoding = 4; lastKnownFileType = sourcecode.c.h; path = FigureStyleCell.h; sourceTree = "<group>"; };
		CD79AF3F1AE5821A00D9F0C5 /* FigureStyleCell.m */ = {isa = PBXFileReference; fileEncoding = 4; lastKnownFileType = sourcecode.c.objc; path = FigureStyleCell.m; sourceTree = "<group>"; };
		CD79AF411AE5823200D9F0C5 /* BaselineCapHeightCell.h */ = {isa = PBXFileReference; fileEncoding = 4; lastKnownFileType = sourcecode.c.h; path = BaselineCapHeightCell.h; sourceTree = "<group>"; };
		CD79AF421AE5823200D9F0C5 /* BaselineCapHeightCell.m */ = {isa = PBXFileReference; fileEncoding = 4; lastKnownFileType = sourcecode.c.objc; path = BaselineCapHeightCell.m; sourceTree = "<group>"; };
		CD79AF441AE5824000D9F0C5 /* InlineImagesCell.h */ = {isa = PBXFileReference; fileEncoding = 4; lastKnownFileType = sourcecode.c.h; path = InlineImagesCell.h; sourceTree = "<group>"; };
		CD79AF451AE5824000D9F0C5 /* InlineImagesCell.m */ = {isa = PBXFileReference; fileEncoding = 4; lastKnownFileType = sourcecode.c.objc; path = InlineImagesCell.m; sourceTree = "<group>"; };
		CD79AF471AE5824F00D9F0C5 /* ConcatenationCell.h */ = {isa = PBXFileReference; fileEncoding = 4; lastKnownFileType = sourcecode.c.h; path = ConcatenationCell.h; sourceTree = "<group>"; };
		CD79AF481AE5824F00D9F0C5 /* ConcatenationCell.m */ = {isa = PBXFileReference; fileEncoding = 4; lastKnownFileType = sourcecode.c.objc; path = ConcatenationCell.m; sourceTree = "<group>"; };
		CD79AF4A1AE5873D00D9F0C5 /* BaselineOffsetCell.h */ = {isa = PBXFileReference; fileEncoding = 4; lastKnownFileType = sourcecode.c.h; path = BaselineOffsetCell.h; sourceTree = "<group>"; };
		CD79AF4B1AE5873D00D9F0C5 /* BaselineOffsetCell.m */ = {isa = PBXFileReference; fileEncoding = 4; lastKnownFileType = sourcecode.c.objc; path = BaselineOffsetCell.m; sourceTree = "<group>"; };
		CD79AF4D1AE58B1900D9F0C5 /* BaselineCapHeightCell.xib */ = {isa = PBXFileReference; fileEncoding = 4; lastKnownFileType = file.xib; path = BaselineCapHeightCell.xib; sourceTree = "<group>"; };
		CD79AF4F1AE58B5600D9F0C5 /* TrackingCell.xib */ = {isa = PBXFileReference; fileEncoding = 4; lastKnownFileType = file.xib; path = TrackingCell.xib; sourceTree = "<group>"; };
		CD79AF511AE58BC200D9F0C5 /* LineHeightCell.xib */ = {isa = PBXFileReference; fileEncoding = 4; lastKnownFileType = file.xib; path = LineHeightCell.xib; sourceTree = "<group>"; };
		CD79AF531AE58BC700D9F0C5 /* FigureStyleCell.xib */ = {isa = PBXFileReference; fileEncoding = 4; lastKnownFileType = file.xib; path = FigureStyleCell.xib; sourceTree = "<group>"; };
		CD79AF551AE58BCE00D9F0C5 /* InlineImagesCell.xib */ = {isa = PBXFileReference; fileEncoding = 4; lastKnownFileType = file.xib; path = InlineImagesCell.xib; sourceTree = "<group>"; };
		CD79AF571AE58BD800D9F0C5 /* BaselineOffsetCell.xib */ = {isa = PBXFileReference; fileEncoding = 4; lastKnownFileType = file.xib; path = BaselineOffsetCell.xib; sourceTree = "<group>"; };
		CD79AF591AE58BDF00D9F0C5 /* ConcatenationCell.xib */ = {isa = PBXFileReference; fileEncoding = 4; lastKnownFileType = file.xib; path = ConcatenationCell.xib; sourceTree = "<group>"; };
		CD9652541AE58DB90013C6B1 /* AbstractCell.h */ = {isa = PBXFileReference; fileEncoding = 4; lastKnownFileType = sourcecode.c.h; path = AbstractCell.h; sourceTree = "<group>"; };
		CD9652551AE58DB90013C6B1 /* AbstractCell.m */ = {isa = PBXFileReference; fileEncoding = 4; lastKnownFileType = sourcecode.c.objc; path = AbstractCell.m; sourceTree = "<group>"; };
		CD9E41551AE44B3E00ECFBFB /* TrackingCell.h */ = {isa = PBXFileReference; fileEncoding = 4; lastKnownFileType = sourcecode.c.h; path = TrackingCell.h; sourceTree = "<group>"; };
		CD9E41561AE44B3E00ECFBFB /* TrackingCell.m */ = {isa = PBXFileReference; fileEncoding = 4; lastKnownFileType = sourcecode.c.objc; path = TrackingCell.m; sourceTree = "<group>"; };
		CD9E415B1AE46F3B00ECFBFB /* DashedHairlineView.h */ = {isa = PBXFileReference; fileEncoding = 4; lastKnownFileType = sourcecode.c.h; path = DashedHairlineView.h; sourceTree = "<group>"; };
		CD9E415C1AE46F3B00ECFBFB /* DashedHairlineView.m */ = {isa = PBXFileReference; fileEncoding = 4; lastKnownFileType = sourcecode.c.objc; path = DashedHairlineView.m; sourceTree = "<group>"; };
		CDAB918B1B5F2A410023E432 /* BONTextAlignmentConstraintTestCase.m */ = {isa = PBXFileReference; fileEncoding = 4; lastKnownFileType = sourcecode.c.objc; path = BONTextAlignmentConstraintTestCase.m; sourceTree = "<group>"; };
		CDB461F41B63246D00F1B49B /* ProgrammaticBaselineCapHeightCell.h */ = {isa = PBXFileReference; fileEncoding = 4; lastKnownFileType = sourcecode.c.h; path = ProgrammaticBaselineCapHeightCell.h; sourceTree = "<group>"; };
		CDB461F51B63246D00F1B49B /* ProgrammaticBaselineCapHeightCell.m */ = {isa = PBXFileReference; fileEncoding = 4; lastKnownFileType = sourcecode.c.objc; path = ProgrammaticBaselineCapHeightCell.m; sourceTree = "<group>"; };
		CDB461F61B63246D00F1B49B /* ProgrammaticBaselineCapHeightCell.xib */ = {isa = PBXFileReference; fileEncoding = 4; lastKnownFileType = file.xib; path = ProgrammaticBaselineCapHeightCell.xib; sourceTree = "<group>"; };
		CDB7D3581BC86FF8006B842F /* BONChainableTestCase.m */ = {isa = PBXFileReference; fileEncoding = 4; lastKnownFileType = sourcecode.c.objc; path = BONChainableTestCase.m; sourceTree = "<group>"; };
		CDB7D35A1BC88C05006B842F /* BONPropertyClobberingTestCase.m */ = {isa = PBXFileReference; fileEncoding = 4; lastKnownFileType = sourcecode.c.objc; path = BONPropertyClobberingTestCase.m; sourceTree = "<group>"; };
		CDD4B9EA1AEB2C3F00B02A0A /* ColorCell.h */ = {isa = PBXFileReference; fileEncoding = 4; lastKnownFileType = sourcecode.c.h; path = ColorCell.h; sourceTree = "<group>"; };
		CDD4B9EB1AEB2C3F00B02A0A /* ColorCell.m */ = {isa = PBXFileReference; fileEncoding = 4; lastKnownFileType = sourcecode.c.objc; path = ColorCell.m; sourceTree = "<group>"; };
		CDD4B9EC1AEB2C3F00B02A0A /* ColorCell.xib */ = {isa = PBXFileReference; fileEncoding = 4; lastKnownFileType = file.xib; path = ColorCell.xib; sourceTree = "<group>"; };
		CDDFD7E91B7F9D4700A87008 /* IndentationCell.h */ = {isa = PBXFileReference; fileEncoding = 4; lastKnownFileType = sourcecode.c.h; path = IndentationCell.h; sourceTree = "<group>"; };
		CDDFD7EA1B7F9D4700A87008 /* IndentationCell.m */ = {isa = PBXFileReference; fileEncoding = 4; lastKnownFileType = sourcecode.c.objc; path = IndentationCell.m; sourceTree = "<group>"; };
		CDDFD7EB1B7F9D4700A87008 /* IndentationCell.xib */ = {isa = PBXFileReference; fileEncoding = 4; lastKnownFileType = file.xib; path = IndentationCell.xib; sourceTree = "<group>"; };
		CDFC93B71AE59FCA00C2B7C9 /* EBGaramond12-Regular.otf */ = {isa = PBXFileReference; lastKnownFileType = file; path = "EBGaramond12-Regular.otf"; sourceTree = "<group>"; };
		CDFC93B91AE5A17100C2B7C9 /* EB Garamond License.txt */ = {isa = PBXFileReference; fileEncoding = 4; lastKnownFileType = text; path = "EB Garamond License.txt"; sourceTree = "<group>"; };
		CDFCA9E01B5078E0000E47DB /* BONBaseTestCase.m */ = {isa = PBXFileReference; fileEncoding = 4; lastKnownFileType = sourcecode.c.objc; path = BONBaseTestCase.m; sourceTree = "<group>"; };
		CDFCA9E21B507909000E47DB /* BONBaseTestCase.h */ = {isa = PBXFileReference; fileEncoding = 4; lastKnownFileType = sourcecode.c.h; path = BONBaseTestCase.h; sourceTree = "<group>"; };
		CDFDF54F1B51880C00A1AD42 /* NSDictionary+BONEquality.h */ = {isa = PBXFileReference; fileEncoding = 4; lastKnownFileType = sourcecode.c.h; path = "NSDictionary+BONEquality.h"; sourceTree = "<group>"; };
		CDFDF5501B51880D00A1AD42 /* NSDictionary+BONEquality.m */ = {isa = PBXFileReference; fileEncoding = 4; lastKnownFileType = sourcecode.c.objc; path = "NSDictionary+BONEquality.m"; sourceTree = "<group>"; };
		CDFDF5531B518F3900A1AD42 /* BONDictionaryEqualityTestCase.m */ = {isa = PBXFileReference; fileEncoding = 4; lastKnownFileType = sourcecode.c.objc; path = BONDictionaryEqualityTestCase.m; sourceTree = "<group>"; };
		DC26879CFC50F3E9302E163B /* Pods-Tests.debug.xcconfig */ = {isa = PBXFileReference; includeInIndex = 1; lastKnownFileType = text.xcconfig; name = "Pods-Tests.debug.xcconfig"; path = "Pods/Target Support Files/Pods-Tests/Pods-Tests.debug.xcconfig"; sourceTree = "<group>"; };
		EA798F8B87019E9A6673F5A3 /* Pods-BonMot.release.xcconfig */ = {isa = PBXFileReference; includeInIndex = 1; lastKnownFileType = text.xcconfig; name = "Pods-BonMot.release.xcconfig"; path = "Pods/Target Support Files/Pods-BonMot/Pods-BonMot.release.xcconfig"; sourceTree = "<group>"; };
		F79B786068DF6EE81053EF09 /* Pods-BonMot.release.xcconfig */ = {isa = PBXFileReference; includeInIndex = 1; lastKnownFileType = text.xcconfig; name = "Pods-BonMot.release.xcconfig"; path = "Pods/Target Support Files/Pods-BonMot/Pods-BonMot.release.xcconfig"; sourceTree = "<group>"; };
/* End PBXFileReference section */

/* Begin PBXFrameworksBuildPhase section */
		6003F587195388D20070C39A /* Frameworks */ = {
			isa = PBXFrameworksBuildPhase;
			buildActionMask = 2147483647;
			files = (
				6003F590195388D20070C39A /* CoreGraphics.framework in Frameworks */,
				6003F592195388D20070C39A /* UIKit.framework in Frameworks */,
				6003F58E195388D20070C39A /* Foundation.framework in Frameworks */,
				8FA6E2DDD5E6EC28DC1FD6CF /* libPods-BonMot.a in Frameworks */,
				26380D145A6D2DDDE4686DC5 /* libPods-BonMot.a in Frameworks */,
			);
			runOnlyForDeploymentPostprocessing = 0;
		};
		6003F5AB195388D20070C39A /* Frameworks */ = {
			isa = PBXFrameworksBuildPhase;
			buildActionMask = 2147483647;
			files = (
				6003F5B0195388D20070C39A /* XCTest.framework in Frameworks */,
				6003F5B2195388D20070C39A /* UIKit.framework in Frameworks */,
				6003F5B1195388D20070C39A /* Foundation.framework in Frameworks */,
				14A806079B0C19B4DE676067 /* libPods-Tests.a in Frameworks */,
			);
			runOnlyForDeploymentPostprocessing = 0;
		};
/* End PBXFrameworksBuildPhase section */

/* Begin PBXGroup section */
		6003F581195388D10070C39A = {
			isa = PBXGroup;
			children = (
				60FF7A9C1954A5C5007DD14C /* Podspec Metadata */,
				6003F593195388D20070C39A /* BonMot */,
				6003F5B5195388D20070C39A /* Tests */,
				6003F58C195388D20070C39A /* Frameworks */,
				6003F58B195388D20070C39A /* Products */,
				DFBC5ABF2728C05ADB34E881 /* Pods */,
			);
			sourceTree = "<group>";
		};
		6003F58B195388D20070C39A /* Products */ = {
			isa = PBXGroup;
			children = (
				6003F58A195388D20070C39A /* BonMot.app */,
				6003F5AE195388D20070C39A /* Tests.xctest */,
			);
			name = Products;
			sourceTree = "<group>";
		};
		6003F58C195388D20070C39A /* Frameworks */ = {
			isa = PBXGroup;
			children = (
				6003F58D195388D20070C39A /* Foundation.framework */,
				6003F58F195388D20070C39A /* CoreGraphics.framework */,
				6003F591195388D20070C39A /* UIKit.framework */,
				6003F5AF195388D20070C39A /* XCTest.framework */,
				AA5CE135D846CCB2972ED1F8 /* libPods-Tests.a */,
				A647FB2263DC7F8E3F265C4A /* libPods-BonMot.a */,
				21F8FBA353FF63A44E9AE612 /* libPods-BonMot.a */,
			);
			name = Frameworks;
			sourceTree = "<group>";
		};
		6003F593195388D20070C39A /* BonMot */ = {
			isa = PBXGroup;
			children = (
				6003F59C195388D20070C39A /* AppDelegate.h */,
				6003F59D195388D20070C39A /* AppDelegate.m */,
				6003F59F195388D20070C39A /* Main.storyboard */,
				6003F5A5195388D20070C39A /* RootViewController.h */,
				6003F5A6195388D20070C39A /* RootViewController.m */,
				CD9E415A1AE46F2F00ECFBFB /* Utilities */,
				CD9E41541AE4457500ECFBFB /* Cells */,
				6003F5A8195388D20070C39A /* Images.xcassets */,
				6003F594195388D20070C39A /* Supporting Files */,
			);
			path = BonMot;
			sourceTree = "<group>";
		};
		6003F594195388D20070C39A /* Supporting Files */ = {
			isa = PBXGroup;
			children = (
				CDFC93B61AE59FCA00C2B7C9 /* Fonts */,
				6003F595195388D20070C39A /* BonMot-Info.plist */,
				6003F596195388D20070C39A /* InfoPlist.strings */,
				6003F599195388D20070C39A /* main.m */,
				7A5A12C91AF6685400D111BA /* Launch Screen.xib */,
			);
			name = "Supporting Files";
			sourceTree = "<group>";
		};
		6003F5B5195388D20070C39A /* Tests */ = {
			isa = PBXGroup;
			children = (
				CDFCA9E21B507909000E47DB /* BONBaseTestCase.h */,
				CDFCA9E01B5078E0000E47DB /* BONBaseTestCase.m */,
				CDB7D35A1BC88C05006B842F /* BONPropertyClobberingTestCase.m */,
				CD24988C1B30CBA90055F2A7 /* BONTrackingTestCase.m */,
				CD39D86D1B7FE1CB00336231 /* BONIndentSpacerTestCase.m */,
				CDFDF5531B518F3900A1AD42 /* BONDictionaryEqualityTestCase.m */,
				CDB7D3581BC86FF8006B842F /* BONChainableTestCase.m */,
				CDAB918B1B5F2A410023E432 /* BONTextAlignmentConstraintTestCase.m */,
				720F06351BD819400077DC84 /* BONChainEmptyStringTestCase.m */,
				6003F5B6195388D20070C39A /* Supporting Files */,
			);
			path = Tests;
			sourceTree = "<group>";
		};
		6003F5B6195388D20070C39A /* Supporting Files */ = {
			isa = PBXGroup;
			children = (
				6003F5B7195388D20070C39A /* Tests-Info.plist */,
				6003F5B8195388D20070C39A /* InfoPlist.strings */,
			);
			name = "Supporting Files";
			sourceTree = "<group>";
		};
		60FF7A9C1954A5C5007DD14C /* Podspec Metadata */ = {
			isa = PBXGroup;
			children = (
				07E8C8E277A0BC3EC7C6AF3D /* BonMot.podspec */,
				21F5F9A6570398B4631B98DF /* README.md */,
				21BCF2089CBF744CCAE1A354 /* LICENSE */,
			);
			name = "Podspec Metadata";
			sourceTree = "<group>";
		};
		CD9E41541AE4457500ECFBFB /* Cells */ = {
			isa = PBXGroup;
			children = (
				CD9652541AE58DB90013C6B1 /* AbstractCell.h */,
				CD9652551AE58DB90013C6B1 /* AbstractCell.m */,
				CDD4B9EA1AEB2C3F00B02A0A /* ColorCell.h */,
				CDD4B9EB1AEB2C3F00B02A0A /* ColorCell.m */,
				CDD4B9EC1AEB2C3F00B02A0A /* ColorCell.xib */,
				CD9E41551AE44B3E00ECFBFB /* TrackingCell.h */,
				CD9E41561AE44B3E00ECFBFB /* TrackingCell.m */,
				CD79AF4F1AE58B5600D9F0C5 /* TrackingCell.xib */,
				CDDFD7E91B7F9D4700A87008 /* IndentationCell.h */,
				CDDFD7EA1B7F9D4700A87008 /* IndentationCell.m */,
				CDDFD7EB1B7F9D4700A87008 /* IndentationCell.xib */,
				CD79AF3B1AE5820700D9F0C5 /* LineHeightCell.h */,
				CD79AF3C1AE5820700D9F0C5 /* LineHeightCell.m */,
				CD79AF511AE58BC200D9F0C5 /* LineHeightCell.xib */,
				CD79AF3E1AE5821A00D9F0C5 /* FigureStyleCell.h */,
				CD79AF3F1AE5821A00D9F0C5 /* FigureStyleCell.m */,
				CD79AF531AE58BC700D9F0C5 /* FigureStyleCell.xib */,
				CD79AF411AE5823200D9F0C5 /* BaselineCapHeightCell.h */,
				CD79AF421AE5823200D9F0C5 /* BaselineCapHeightCell.m */,
				CD79AF4D1AE58B1900D9F0C5 /* BaselineCapHeightCell.xib */,
				CDB461F41B63246D00F1B49B /* ProgrammaticBaselineCapHeightCell.h */,
				CDB461F51B63246D00F1B49B /* ProgrammaticBaselineCapHeightCell.m */,
				CDB461F61B63246D00F1B49B /* ProgrammaticBaselineCapHeightCell.xib */,
				CD79AF441AE5824000D9F0C5 /* InlineImagesCell.h */,
				CD79AF451AE5824000D9F0C5 /* InlineImagesCell.m */,
				CD79AF551AE58BCE00D9F0C5 /* InlineImagesCell.xib */,
				CD356FD31B59B55D00572331 /* SpecialCharactersCell.h */,
				CD356FD41B59B55D00572331 /* SpecialCharactersCell.m */,
				CD356FD51B59B55D00572331 /* SpecialCharactersCell.xib */,
				CD79AF4A1AE5873D00D9F0C5 /* BaselineOffsetCell.h */,
				CD79AF4B1AE5873D00D9F0C5 /* BaselineOffsetCell.m */,
				CD79AF571AE58BD800D9F0C5 /* BaselineOffsetCell.xib */,
				CD79AF471AE5824F00D9F0C5 /* ConcatenationCell.h */,
				CD79AF481AE5824F00D9F0C5 /* ConcatenationCell.m */,
				CD79AF591AE58BDF00D9F0C5 /* ConcatenationCell.xib */,
			);
			path = Cells;
			sourceTree = "<group>";
		};
		CD9E415A1AE46F2F00ECFBFB /* Utilities */ = {
			isa = PBXGroup;
			children = (
				CD9E415B1AE46F3B00ECFBFB /* DashedHairlineView.h */,
				CD9E415C1AE46F3B00ECFBFB /* DashedHairlineView.m */,
				CDFDF54F1B51880C00A1AD42 /* NSDictionary+BONEquality.h */,
				CDFDF5501B51880D00A1AD42 /* NSDictionary+BONEquality.m */,
			);
			name = Utilities;
			sourceTree = "<group>";
		};
		CDFC93B61AE59FCA00C2B7C9 /* Fonts */ = {
			isa = PBXGroup;
			children = (
				CDFC93B71AE59FCA00C2B7C9 /* EBGaramond12-Regular.otf */,
				CDFC93B91AE5A17100C2B7C9 /* EB Garamond License.txt */,
			);
			path = Fonts;
			sourceTree = "<group>";
		};
		DFBC5ABF2728C05ADB34E881 /* Pods */ = {
			isa = PBXGroup;
			children = (
				DC26879CFC50F3E9302E163B /* Pods-Tests.debug.xcconfig */,
				014804514A6243D91F7F3623 /* Pods-Tests.release.xcconfig */,
				4CA7B4AEE15A750779C800C9 /* Pods-BonMot.debug.xcconfig */,
				F79B786068DF6EE81053EF09 /* Pods-BonMot.release.xcconfig */,
				1E84D35CA3666CF0D172AD61 /* Pods-BonMot.debug.xcconfig */,
				EA798F8B87019E9A6673F5A3 /* Pods-BonMot.release.xcconfig */,
			);
			name = Pods;
			sourceTree = "<group>";
		};
/* End PBXGroup section */

/* Begin PBXNativeTarget section */
		6003F589195388D20070C39A /* BonMot */ = {
			isa = PBXNativeTarget;
			buildConfigurationList = 6003F5BF195388D20070C39A /* Build configuration list for PBXNativeTarget "BonMot" */;
			buildPhases = (
				ECFDB1F96820A3A10F4DC435 /* Check Pods Manifest.lock */,
				6003F586195388D20070C39A /* Sources */,
				6003F587195388D20070C39A /* Frameworks */,
				6003F588195388D20070C39A /* Resources */,
				BE78F1BA6C5EE44EDEB3F0D1 /* Copy Pods Resources */,
				9A3EDE593CCFF3A23E681016 /* Embed Pods Frameworks */,
			);
			buildRules = (
			);
			dependencies = (
			);
			name = BonMot;
			productName = BonMot;
			productReference = 6003F58A195388D20070C39A /* BonMot.app */;
			productType = "com.apple.product-type.application";
		};
		6003F5AD195388D20070C39A /* Tests */ = {
			isa = PBXNativeTarget;
			buildConfigurationList = 6003F5C2195388D20070C39A /* Build configuration list for PBXNativeTarget "Tests" */;
			buildPhases = (
				276546033FF199C33A8AEA86 /* Check Pods Manifest.lock */,
				6003F5AA195388D20070C39A /* Sources */,
				6003F5AB195388D20070C39A /* Frameworks */,
				6003F5AC195388D20070C39A /* Resources */,
				4B189F1C62BA8C46507CA25B /* Copy Pods Resources */,
				F8E39F3EA9A6C644F3FCE452 /* Embed Pods Frameworks */,
			);
			buildRules = (
			);
			dependencies = (
				6003F5B4195388D20070C39A /* PBXTargetDependency */,
			);
			name = Tests;
			productName = BonMotTests;
			productReference = 6003F5AE195388D20070C39A /* Tests.xctest */;
			productType = "com.apple.product-type.bundle.unit-test";
		};
/* End PBXNativeTarget section */

/* Begin PBXProject section */
		6003F582195388D10070C39A /* Project object */ = {
			isa = PBXProject;
			attributes = {
				CLASSPREFIX = "";
				LastUpgradeCheck = 0510;
				ORGANIZATIONNAME = "Zev Eisenberg";
			};
			buildConfigurationList = 6003F585195388D10070C39A /* Build configuration list for PBXProject "BonMot" */;
			compatibilityVersion = "Xcode 3.2";
			developmentRegion = English;
			hasScannedForEncodings = 0;
			knownRegions = (
				en,
				Base,
			);
			mainGroup = 6003F581195388D10070C39A;
			productRefGroup = 6003F58B195388D20070C39A /* Products */;
			projectDirPath = "";
			projectRoot = "";
			targets = (
				6003F589195388D20070C39A /* BonMot */,
				6003F5AD195388D20070C39A /* Tests */,
			);
		};
/* End PBXProject section */

/* Begin PBXResourcesBuildPhase section */
		6003F588195388D20070C39A /* Resources */ = {
			isa = PBXResourcesBuildPhase;
			buildActionMask = 2147483647;
			files = (
				CD79AF5A1AE58BDF00D9F0C5 /* ConcatenationCell.xib in Resources */,
				CDDFD7ED1B7F9D4700A87008 /* IndentationCell.xib in Resources */,
				CD79AF561AE58BCE00D9F0C5 /* InlineImagesCell.xib in Resources */,
				CD79AF521AE58BC200D9F0C5 /* LineHeightCell.xib in Resources */,
				CD79AF581AE58BD800D9F0C5 /* BaselineOffsetCell.xib in Resources */,
				CD79AF4E1AE58B1900D9F0C5 /* BaselineCapHeightCell.xib in Resources */,
				CD79AF501AE58B5600D9F0C5 /* TrackingCell.xib in Resources */,
				CDB461F81B63246D00F1B49B /* ProgrammaticBaselineCapHeightCell.xib in Resources */,
				6003F5A9195388D20070C39A /* Images.xcassets in Resources */,
				6003F5A1195388D20070C39A /* Main.storyboard in Resources */,
				CD79AF541AE58BC700D9F0C5 /* FigureStyleCell.xib in Resources */,
				CD356FD71B59B55D00572331 /* SpecialCharactersCell.xib in Resources */,
				7A5A12CA1AF6685400D111BA /* Launch Screen.xib in Resources */,
				CDFC93B81AE59FCA00C2B7C9 /* EBGaramond12-Regular.otf in Resources */,
				6003F598195388D20070C39A /* InfoPlist.strings in Resources */,
				CDD4B9EE1AEB2C3F00B02A0A /* ColorCell.xib in Resources */,
			);
			runOnlyForDeploymentPostprocessing = 0;
		};
		6003F5AC195388D20070C39A /* Resources */ = {
			isa = PBXResourcesBuildPhase;
			buildActionMask = 2147483647;
			files = (
				6003F5BA195388D20070C39A /* InfoPlist.strings in Resources */,
				CD39D8701B7FE32800336231 /* Images.xcassets in Resources */,
			);
			runOnlyForDeploymentPostprocessing = 0;
		};
/* End PBXResourcesBuildPhase section */

/* Begin PBXShellScriptBuildPhase section */
		276546033FF199C33A8AEA86 /* Check Pods Manifest.lock */ = {
			isa = PBXShellScriptBuildPhase;
			buildActionMask = 2147483647;
			files = (
			);
			inputPaths = (
			);
			name = "Check Pods Manifest.lock";
			outputPaths = (
			);
			runOnlyForDeploymentPostprocessing = 0;
			shellPath = /bin/sh;
			shellScript = "diff \"${PODS_ROOT}/../Podfile.lock\" \"${PODS_ROOT}/Manifest.lock\" > /dev/null\nif [[ $? != 0 ]] ; then\n    cat << EOM\nerror: The sandbox is not in sync with the Podfile.lock. Run 'pod install' or update your CocoaPods installation.\nEOM\n    exit 1\nfi\n";
			showEnvVarsInLog = 0;
		};
		4B189F1C62BA8C46507CA25B /* Copy Pods Resources */ = {
			isa = PBXShellScriptBuildPhase;
			buildActionMask = 2147483647;
			files = (
			);
			inputPaths = (
			);
			name = "Copy Pods Resources";
			outputPaths = (
			);
			runOnlyForDeploymentPostprocessing = 0;
			shellPath = /bin/sh;
			shellScript = "\"${SRCROOT}/Pods/Target Support Files/Pods-Tests/Pods-Tests-resources.sh\"\n";
			showEnvVarsInLog = 0;
		};
		9A3EDE593CCFF3A23E681016 /* Embed Pods Frameworks */ = {
			isa = PBXShellScriptBuildPhase;
			buildActionMask = 2147483647;
			files = (
			);
			inputPaths = (
			);
			name = "Embed Pods Frameworks";
			outputPaths = (
			);
			runOnlyForDeploymentPostprocessing = 0;
			shellPath = /bin/sh;
			shellScript = "\"${SRCROOT}/Pods/Target Support Files/Pods-BonMot/Pods-BonMot-frameworks.sh\"\n";
			showEnvVarsInLog = 0;
		};
		BE78F1BA6C5EE44EDEB3F0D1 /* Copy Pods Resources */ = {
			isa = PBXShellScriptBuildPhase;
			buildActionMask = 2147483647;
			files = (
			);
			inputPaths = (
			);
			name = "Copy Pods Resources";
			outputPaths = (
			);
			runOnlyForDeploymentPostprocessing = 0;
			shellPath = /bin/sh;
			shellScript = "\"${SRCROOT}/Pods/Target Support Files/Pods-BonMot/Pods-BonMot-resources.sh\"\n";
			showEnvVarsInLog = 0;
		};
		ECFDB1F96820A3A10F4DC435 /* Check Pods Manifest.lock */ = {
			isa = PBXShellScriptBuildPhase;
			buildActionMask = 2147483647;
			files = (
			);
			inputPaths = (
			);
			name = "Check Pods Manifest.lock";
			outputPaths = (
			);
			runOnlyForDeploymentPostprocessing = 0;
			shellPath = /bin/sh;
			shellScript = "diff \"${PODS_ROOT}/../Podfile.lock\" \"${PODS_ROOT}/Manifest.lock\" > /dev/null\nif [[ $? != 0 ]] ; then\n    cat << EOM\nerror: The sandbox is not in sync with the Podfile.lock. Run 'pod install' or update your CocoaPods installation.\nEOM\n    exit 1\nfi\n";
			showEnvVarsInLog = 0;
		};
		F8E39F3EA9A6C644F3FCE452 /* Embed Pods Frameworks */ = {
			isa = PBXShellScriptBuildPhase;
			buildActionMask = 2147483647;
			files = (
			);
			inputPaths = (
			);
			name = "Embed Pods Frameworks";
			outputPaths = (
			);
			runOnlyForDeploymentPostprocessing = 0;
			shellPath = /bin/sh;
			shellScript = "\"${SRCROOT}/Pods/Target Support Files/Pods-Tests/Pods-Tests-frameworks.sh\"\n";
			showEnvVarsInLog = 0;
		};
/* End PBXShellScriptBuildPhase section */

/* Begin PBXSourcesBuildPhase section */
		6003F586195388D20070C39A /* Sources */ = {
			isa = PBXSourcesBuildPhase;
			buildActionMask = 2147483647;
			files = (
				CDFDF5511B51880D00A1AD42 /* NSDictionary+BONEquality.m in Sources */,
				CDB461F71B63246D00F1B49B /* ProgrammaticBaselineCapHeightCell.m in Sources */,
				CD79AF431AE5823200D9F0C5 /* BaselineCapHeightCell.m in Sources */,
				CD79AF461AE5824000D9F0C5 /* InlineImagesCell.m in Sources */,
				CDD4B9ED1AEB2C3F00B02A0A /* ColorCell.m in Sources */,
				6003F59E195388D20070C39A /* AppDelegate.m in Sources */,
				CD9652561AE58DB90013C6B1 /* AbstractCell.m in Sources */,
				6003F5A7195388D20070C39A /* RootViewController.m in Sources */,
				CD79AF491AE5824F00D9F0C5 /* ConcatenationCell.m in Sources */,
				CD79AF4C1AE5873D00D9F0C5 /* BaselineOffsetCell.m in Sources */,
				CD79AF3D1AE5820700D9F0C5 /* LineHeightCell.m in Sources */,
				CD9E41581AE44B3E00ECFBFB /* TrackingCell.m in Sources */,
				CD79AF401AE5821A00D9F0C5 /* FigureStyleCell.m in Sources */,
				CDDFD7EC1B7F9D4700A87008 /* IndentationCell.m in Sources */,
				6003F59A195388D20070C39A /* main.m in Sources */,
				CD9E415D1AE46F3B00ECFBFB /* DashedHairlineView.m in Sources */,
				CD356FD61B59B55D00572331 /* SpecialCharactersCell.m in Sources */,
			);
			runOnlyForDeploymentPostprocessing = 0;
		};
		6003F5AA195388D20070C39A /* Sources */ = {
			isa = PBXSourcesBuildPhase;
			buildActionMask = 2147483647;
			files = (
				CDFDF5521B51880D00A1AD42 /* NSDictionary+BONEquality.m in Sources */,
				CDB7D35B1BC88C05006B842F /* BONPropertyClobberingTestCase.m in Sources */,
				CDFDF5541B518F3900A1AD42 /* BONDictionaryEqualityTestCase.m in Sources */,
				CDFCA9E11B5078E0000E47DB /* BONBaseTestCase.m in Sources */,
				CDB7D3591BC86FF8006B842F /* BONChainableTestCase.m in Sources */,
				CD39D86E1B7FE1CB00336231 /* BONIndentSpacerTestCase.m in Sources */,
				CD24988D1B30CBA90055F2A7 /* BONTrackingTestCase.m in Sources */,
				CDAB918C1B5F2A410023E432 /* BONTextAlignmentConstraintTestCase.m in Sources */,
				720F06361BD819400077DC84 /* BONChainEmptyStringTestCase.m in Sources */,
			);
			runOnlyForDeploymentPostprocessing = 0;
		};
/* End PBXSourcesBuildPhase section */

/* Begin PBXTargetDependency section */
		6003F5B4195388D20070C39A /* PBXTargetDependency */ = {
			isa = PBXTargetDependency;
			target = 6003F589195388D20070C39A /* BonMot */;
			targetProxy = 6003F5B3195388D20070C39A /* PBXContainerItemProxy */;
		};
/* End PBXTargetDependency section */

/* Begin PBXVariantGroup section */
		6003F596195388D20070C39A /* InfoPlist.strings */ = {
			isa = PBXVariantGroup;
			children = (
				6003F597195388D20070C39A /* en */,
			);
			name = InfoPlist.strings;
			sourceTree = "<group>";
		};
		6003F59F195388D20070C39A /* Main.storyboard */ = {
			isa = PBXVariantGroup;
			children = (
				6003F5A0195388D20070C39A /* Base */,
			);
			name = Main.storyboard;
			sourceTree = "<group>";
		};
		6003F5B8195388D20070C39A /* InfoPlist.strings */ = {
			isa = PBXVariantGroup;
			children = (
				6003F5B9195388D20070C39A /* en */,
			);
			name = InfoPlist.strings;
			sourceTree = "<group>";
		};
/* End PBXVariantGroup section */

/* Begin XCBuildConfiguration section */
		6003F5BD195388D20070C39A /* Debug */ = {
			isa = XCBuildConfiguration;
			buildSettings = {
				ALWAYS_SEARCH_USER_PATHS = NO;
				CLANG_CXX_LANGUAGE_STANDARD = "gnu++0x";
				CLANG_CXX_LIBRARY = "libc++";
				CLANG_ENABLE_MODULES = YES;
				CLANG_ENABLE_OBJC_ARC = YES;
				CLANG_WARN_BOOL_CONVERSION = YES;
				CLANG_WARN_CONSTANT_CONVERSION = YES;
				CLANG_WARN_DIRECT_OBJC_ISA_USAGE = YES_ERROR;
				CLANG_WARN_EMPTY_BODY = YES;
				CLANG_WARN_ENUM_CONVERSION = YES;
				CLANG_WARN_INT_CONVERSION = YES;
				CLANG_WARN_OBJC_ROOT_CLASS = YES_ERROR;
				CLANG_WARN__DUPLICATE_METHOD_MATCH = YES;
				"CODE_SIGN_IDENTITY[sdk=iphoneos*]" = "iPhone Developer";
				COPY_PHASE_STRIP = NO;
				GCC_C_LANGUAGE_STANDARD = gnu99;
				GCC_DYNAMIC_NO_PIC = NO;
				GCC_OPTIMIZATION_LEVEL = 0;
				GCC_PREPROCESSOR_DEFINITIONS = (
					"DEBUG=1",
					"$(inherited)",
				);
				GCC_SYMBOLS_PRIVATE_EXTERN = NO;
				GCC_WARN_64_TO_32_BIT_CONVERSION = YES;
				GCC_WARN_ABOUT_RETURN_TYPE = YES_ERROR;
				GCC_WARN_UNDECLARED_SELECTOR = YES;
				GCC_WARN_UNINITIALIZED_AUTOS = YES_AGGRESSIVE;
				GCC_WARN_UNUSED_FUNCTION = YES;
				GCC_WARN_UNUSED_VARIABLE = YES;
				IPHONEOS_DEPLOYMENT_TARGET = 8.3;
				ONLY_ACTIVE_ARCH = YES;
				SDKROOT = iphoneos;
				TARGETED_DEVICE_FAMILY = "1,2";
				WARNING_CFLAGS = (
					"-Weverything",
					"-Wno-objc-missing-property-synthesis",
					"-Wno-objc-property-synthesis",
					"-Wno-direct-ivar-access",
					"-Wno-assign-enum",
					"-Wno-float-equal",
					"-Wno-sign-compare",
					"-Wno-switch-enum",
					"-Wno-gnu",
					"-Wnewline-eof",
					"-Rno-module-build",
				);
			};
			name = Debug;
		};
		6003F5BE195388D20070C39A /* Release */ = {
			isa = XCBuildConfiguration;
			buildSettings = {
				ALWAYS_SEARCH_USER_PATHS = NO;
				CLANG_CXX_LANGUAGE_STANDARD = "gnu++0x";
				CLANG_CXX_LIBRARY = "libc++";
				CLANG_ENABLE_MODULES = YES;
				CLANG_ENABLE_OBJC_ARC = YES;
				CLANG_WARN_BOOL_CONVERSION = YES;
				CLANG_WARN_CONSTANT_CONVERSION = YES;
				CLANG_WARN_DIRECT_OBJC_ISA_USAGE = YES_ERROR;
				CLANG_WARN_EMPTY_BODY = YES;
				CLANG_WARN_ENUM_CONVERSION = YES;
				CLANG_WARN_INT_CONVERSION = YES;
				CLANG_WARN_OBJC_ROOT_CLASS = YES_ERROR;
				CLANG_WARN__DUPLICATE_METHOD_MATCH = YES;
				"CODE_SIGN_IDENTITY[sdk=iphoneos*]" = "iPhone Developer";
				COPY_PHASE_STRIP = YES;
				ENABLE_NS_ASSERTIONS = NO;
				GCC_C_LANGUAGE_STANDARD = gnu99;
				GCC_WARN_64_TO_32_BIT_CONVERSION = YES;
				GCC_WARN_ABOUT_RETURN_TYPE = YES_ERROR;
				GCC_WARN_UNDECLARED_SELECTOR = YES;
				GCC_WARN_UNINITIALIZED_AUTOS = YES_AGGRESSIVE;
				GCC_WARN_UNUSED_FUNCTION = YES;
				GCC_WARN_UNUSED_VARIABLE = YES;
				IPHONEOS_DEPLOYMENT_TARGET = 8.3;
				SDKROOT = iphoneos;
				TARGETED_DEVICE_FAMILY = "1,2";
				VALIDATE_PRODUCT = YES;
				WARNING_CFLAGS = (
					"-Weverything",
					"-Wno-objc-missing-property-synthesis",
					"-Wno-objc-property-synthesis",
					"-Wno-direct-ivar-access",
					"-Wno-assign-enum",
					"-Wno-float-equal",
					"-Wno-sign-compare",
					"-Wno-switch-enum",
					"-Wno-gnu",
					"-Wnewline-eof",
					"-Rno-module-build",
				);
			};
			name = Release;
		};
		6003F5C0195388D20070C39A /* Debug */ = {
			isa = XCBuildConfiguration;
			baseConfigurationReference = 1E84D35CA3666CF0D172AD61 /* Pods-BonMot.debug.xcconfig */;
			buildSettings = {
				ASSETCATALOG_COMPILER_APPICON_NAME = AppIcon;
				ASSETCATALOG_COMPILER_LAUNCHIMAGE_NAME = LaunchImage;
				HEADER_SEARCH_PATHS = "$(inherited)";
				INFOPLIST_FILE = "BonMot/BonMot-Info.plist";
				IPHONEOS_DEPLOYMENT_TARGET = 8.0;
				PRODUCT_NAME = BonMot;
				WRAPPER_EXTENSION = app;
			};
			name = Debug;
		};
		6003F5C1195388D20070C39A /* Release */ = {
			isa = XCBuildConfiguration;
			baseConfigurationReference = EA798F8B87019E9A6673F5A3 /* Pods-BonMot.release.xcconfig */;
			buildSettings = {
				ASSETCATALOG_COMPILER_APPICON_NAME = AppIcon;
				ASSETCATALOG_COMPILER_LAUNCHIMAGE_NAME = LaunchImage;
				HEADER_SEARCH_PATHS = "$(inherited)";
				INFOPLIST_FILE = "BonMot/BonMot-Info.plist";
				IPHONEOS_DEPLOYMENT_TARGET = 8.0;
				PRODUCT_NAME = BonMot;
				WRAPPER_EXTENSION = app;
			};
			name = Release;
		};
		6003F5C3195388D20070C39A /* Debug */ = {
			isa = XCBuildConfiguration;
			baseConfigurationReference = DC26879CFC50F3E9302E163B /* Pods-Tests.debug.xcconfig */;
			buildSettings = {
				FRAMEWORK_SEARCH_PATHS = (
					"$(SDKROOT)/Developer/Library/Frameworks",
					"$(inherited)",
					"$(DEVELOPER_FRAMEWORKS_DIR)",
				);
				GCC_PREPROCESSOR_DEFINITIONS = (
					"DEBUG=1",
					"$(inherited)",
				);
				INFOPLIST_FILE = "Tests/Tests-Info.plist";
				PRODUCT_NAME = "$(TARGET_NAME)";
				WARNING_CFLAGS = (
					"$(inherited)",
					"-Wno-documentation-unknown-command",
					"-Wno-auto-import",
					"-Wno-incomplete-module",
				);
				WRAPPER_EXTENSION = xctest;
			};
			name = Debug;
		};
		6003F5C4195388D20070C39A /* Release */ = {
			isa = XCBuildConfiguration;
			baseConfigurationReference = 014804514A6243D91F7F3623 /* Pods-Tests.release.xcconfig */;
			buildSettings = {
				FRAMEWORK_SEARCH_PATHS = (
					"$(SDKROOT)/Developer/Library/Frameworks",
					"$(inherited)",
					"$(DEVELOPER_FRAMEWORKS_DIR)",
				);
				INFOPLIST_FILE = "Tests/Tests-Info.plist";
				PRODUCT_NAME = "$(TARGET_NAME)";
				WARNING_CFLAGS = (
					"$(inherited)",
					"-Wno-documentation-unknown-command",
					"-Wno-auto-import",
					"-Wno-incomplete-module",
				);
				WRAPPER_EXTENSION = xctest;
			};
			name = Release;
		};
/* End XCBuildConfiguration section */

/* Begin XCConfigurationList section */
		6003F585195388D10070C39A /* Build configuration list for PBXProject "BonMot" */ = {
			isa = XCConfigurationList;
			buildConfigurations = (
				6003F5BD195388D20070C39A /* Debug */,
				6003F5BE195388D20070C39A /* Release */,
			);
			defaultConfigurationIsVisible = 0;
			defaultConfigurationName = Release;
		};
		6003F5BF195388D20070C39A /* Build configuration list for PBXNativeTarget "BonMot" */ = {
			isa = XCConfigurationList;
			buildConfigurations = (
				6003F5C0195388D20070C39A /* Debug */,
				6003F5C1195388D20070C39A /* Release */,
			);
			defaultConfigurationIsVisible = 0;
			defaultConfigurationName = Release;
		};
		6003F5C2195388D20070C39A /* Build configuration list for PBXNativeTarget "Tests" */ = {
			isa = XCConfigurationList;
			buildConfigurations = (
				6003F5C3195388D20070C39A /* Debug */,
				6003F5C4195388D20070C39A /* Release */,
			);
			defaultConfigurationIsVisible = 0;
			defaultConfigurationName = Release;
		};
/* End XCConfigurationList section */
	};
	rootObject = 6003F582195388D10070C39A /* Project object */;
}
