// !$*UTF8*$!
{
	archiveVersion = 1;
	classes = {
	};
	objectVersion = 46;
	objects = {

/* Begin PBXBuildFile section */
		6003F58E195388D20070C39A /* Foundation.framework in Frameworks */ = {isa = PBXBuildFile; fileRef = 6003F58D195388D20070C39A /* Foundation.framework */; };
		6003F590195388D20070C39A /* CoreGraphics.framework in Frameworks */ = {isa = PBXBuildFile; fileRef = 6003F58F195388D20070C39A /* CoreGraphics.framework */; };
		6003F592195388D20070C39A /* UIKit.framework in Frameworks */ = {isa = PBXBuildFile; fileRef = 6003F591195388D20070C39A /* UIKit.framework */; };
		AB9C18E11D99762E00A54787 /* EBGaramond12-Regular.otf in Resources */ = {isa = PBXBuildFile; fileRef = AB9C18DF1D99762E00A54787 /* EBGaramond12-Regular.otf */; };
		AB9C18E21D99762E00A54787 /* Images.xcassets in Resources */ = {isa = PBXBuildFile; fileRef = AB9C18E01D99762E00A54787 /* Images.xcassets */; };
		ABBFB3CF1D998C4600881842 /* AppDelegate.swift in Sources */ = {isa = PBXBuildFile; fileRef = ABBFB3C11D998C4600881842 /* AppDelegate.swift */; };
		ABBFB3D11D998C4600881842 /* CatalogViewController.swift in Sources */ = {isa = PBXBuildFile; fileRef = ABBFB3C31D998C4600881842 /* CatalogViewController.swift */; };
		ABBFB3D21D998C4600881842 /* DemoStrings.swift in Sources */ = {isa = PBXBuildFile; fileRef = ABBFB3C51D998C4600881842 /* DemoStrings.swift */; };
		ABBFB3D91D998C4600881842 /* StyleViewController.swift in Sources */ = {isa = PBXBuildFile; fileRef = ABBFB3CE1D998C4600881842 /* StyleViewController.swift */; };
		ABCD3DC21D96F48E00273936 /* Compatibility.swift in Sources */ = {isa = PBXBuildFile; fileRef = ABCD3DC11D96F48E00273936 /* Compatibility.swift */; };
		ABE89F0B1D99923E0083A1D8 /* InfoPlist.strings in Resources */ = {isa = PBXBuildFile; fileRef = ABE89F061D99923E0083A1D8 /* InfoPlist.strings */; };
		ABE89F0C1D99923E0083A1D8 /* Launch Screen.xib in Resources */ = {isa = PBXBuildFile; fileRef = ABE89F081D99923E0083A1D8 /* Launch Screen.xib */; };
		ABE89F0D1D99923E0083A1D8 /* Main.storyboard in Resources */ = {isa = PBXBuildFile; fileRef = ABE89F091D99923E0083A1D8 /* Main.storyboard */; };
		C595EFA4BB50DF9113118622 /* Pods_BonMot_Example_iOS.framework in Frameworks */ = {isa = PBXBuildFile; fileRef = 745A723B8F4FF1EC168467CD /* Pods_BonMot_Example_iOS.framework */; };
/* End PBXBuildFile section */

/* Begin PBXFileReference section */
		3C0F10DBAB5773FC171A6DED /* Pods-BonMot-Example-iOS.debug.xcconfig */ = {isa = PBXFileReference; includeInIndex = 1; lastKnownFileType = text.xcconfig; name = "Pods-BonMot-Example-iOS.debug.xcconfig"; path = "Pods/Target Support Files/Pods-BonMot-Example-iOS/Pods-BonMot-Example-iOS.debug.xcconfig"; sourceTree = "<group>"; };
		6003F58A195388D20070C39A /* BonMot-Example-iOS.app */ = {isa = PBXFileReference; explicitFileType = wrapper.application; includeInIndex = 0; path = "BonMot-Example-iOS.app"; sourceTree = BUILT_PRODUCTS_DIR; };
		6003F58D195388D20070C39A /* Foundation.framework */ = {isa = PBXFileReference; lastKnownFileType = wrapper.framework; name = Foundation.framework; path = System/Library/Frameworks/Foundation.framework; sourceTree = SDKROOT; };
		6003F58F195388D20070C39A /* CoreGraphics.framework */ = {isa = PBXFileReference; lastKnownFileType = wrapper.framework; name = CoreGraphics.framework; path = System/Library/Frameworks/CoreGraphics.framework; sourceTree = SDKROOT; };
		6003F591195388D20070C39A /* UIKit.framework */ = {isa = PBXFileReference; lastKnownFileType = wrapper.framework; name = UIKit.framework; path = System/Library/Frameworks/UIKit.framework; sourceTree = SDKROOT; };
		6003F5AF195388D20070C39A /* XCTest.framework */ = {isa = PBXFileReference; lastKnownFileType = wrapper.framework; name = XCTest.framework; path = Library/Frameworks/XCTest.framework; sourceTree = DEVELOPER_DIR; };
		745A723B8F4FF1EC168467CD /* Pods_BonMot_Example_iOS.framework */ = {isa = PBXFileReference; explicitFileType = wrapper.framework; includeInIndex = 0; path = Pods_BonMot_Example_iOS.framework; sourceTree = BUILT_PRODUCTS_DIR; };
		AB9C18DF1D99762E00A54787 /* EBGaramond12-Regular.otf */ = {isa = PBXFileReference; lastKnownFileType = file; path = "EBGaramond12-Regular.otf"; sourceTree = "<group>"; };
		AB9C18E01D99762E00A54787 /* Images.xcassets */ = {isa = PBXFileReference; lastKnownFileType = folder.assetcatalog; path = Images.xcassets; sourceTree = "<group>"; };
		ABBFB3C11D998C4600881842 /* AppDelegate.swift */ = {isa = PBXFileReference; fileEncoding = 4; lastKnownFileType = sourcecode.swift; path = AppDelegate.swift; sourceTree = "<group>"; };
		ABBFB3C31D998C4600881842 /* CatalogViewController.swift */ = {isa = PBXFileReference; fileEncoding = 4; lastKnownFileType = sourcecode.swift; path = CatalogViewController.swift; sourceTree = "<group>"; };
		ABBFB3C51D998C4600881842 /* DemoStrings.swift */ = {isa = PBXFileReference; fileEncoding = 4; lastKnownFileType = sourcecode.swift; path = DemoStrings.swift; sourceTree = "<group>"; };
		ABBFB3CE1D998C4600881842 /* StyleViewController.swift */ = {isa = PBXFileReference; fileEncoding = 4; lastKnownFileType = sourcecode.swift; path = StyleViewController.swift; sourceTree = "<group>"; };
		ABCD3DC11D96F48E00273936 /* Compatibility.swift */ = {isa = PBXFileReference; fileEncoding = 4; lastKnownFileType = sourcecode.swift; name = Compatibility.swift; path = ../Tests/Compatibility.swift; sourceTree = SOURCE_ROOT; };
		ABE89F051D99923E0083A1D8 /* BonMot-Example-Info.plist */ = {isa = PBXFileReference; fileEncoding = 4; lastKnownFileType = text.plist.xml; path = "BonMot-Example-Info.plist"; sourceTree = "<group>"; };
		ABE89F071D99923E0083A1D8 /* en */ = {isa = PBXFileReference; lastKnownFileType = text.plist.strings; name = en; path = en.lproj/InfoPlist.strings; sourceTree = "<group>"; };
		ABE89F081D99923E0083A1D8 /* Launch Screen.xib */ = {isa = PBXFileReference; fileEncoding = 4; lastKnownFileType = file.xib; path = "Launch Screen.xib"; sourceTree = "<group>"; };
		ABE89F091D99923E0083A1D8 /* Main.storyboard */ = {isa = PBXFileReference; fileEncoding = 4; lastKnownFileType = file.storyboard; path = Main.storyboard; sourceTree = "<group>"; };
		B443E5AC583BDA9604398E21 /* Pods_BonMot_Example.framework */ = {isa = PBXFileReference; explicitFileType = wrapper.framework; includeInIndex = 0; path = Pods_BonMot_Example.framework; sourceTree = BUILT_PRODUCTS_DIR; };
		B6389DCE3A27CBCE74FD0558 /* Pods_BonMot_Tests.framework */ = {isa = PBXFileReference; explicitFileType = wrapper.framework; includeInIndex = 0; path = Pods_BonMot_Tests.framework; sourceTree = BUILT_PRODUCTS_DIR; };
		CF2B31826DC04E6717E436D8 /* Pods-BonMot-Example-iOS.release.xcconfig */ = {isa = PBXFileReference; includeInIndex = 1; lastKnownFileType = text.xcconfig; name = "Pods-BonMot-Example-iOS.release.xcconfig"; path = "Pods/Target Support Files/Pods-BonMot-Example-iOS/Pods-BonMot-Example-iOS.release.xcconfig"; sourceTree = "<group>"; };
/* End PBXFileReference section */

/* Begin PBXFrameworksBuildPhase section */
		6003F587195388D20070C39A /* Frameworks */ = {
			isa = PBXFrameworksBuildPhase;
			buildActionMask = 2147483647;
			files = (
				6003F590195388D20070C39A /* CoreGraphics.framework in Frameworks */,
				6003F592195388D20070C39A /* UIKit.framework in Frameworks */,
				6003F58E195388D20070C39A /* Foundation.framework in Frameworks */,
				C595EFA4BB50DF9113118622 /* Pods_BonMot_Example_iOS.framework in Frameworks */,
			);
			runOnlyForDeploymentPostprocessing = 0;
		};
/* End PBXFrameworksBuildPhase section */

/* Begin PBXGroup section */
		6003F581195388D10070C39A = {
			isa = PBXGroup;
			children = (
				ABBFB3C01D998C4600881842 /* BonMot-Example-iOS */,
				AB9C18DE1D99762E00A54787 /* Resources */,
				6003F58C195388D20070C39A /* Frameworks */,
				6003F58B195388D20070C39A /* Products */,
				BB7225EE6835862C82E98F82 /* Pods */,
			);
			sourceTree = "<group>";
		};
		6003F58B195388D20070C39A /* Products */ = {
			isa = PBXGroup;
			children = (
				6003F58A195388D20070C39A /* BonMot-Example-iOS.app */,
			);
			name = Products;
			sourceTree = "<group>";
		};
		6003F58C195388D20070C39A /* Frameworks */ = {
			isa = PBXGroup;
			children = (
				6003F58D195388D20070C39A /* Foundation.framework */,
				6003F58F195388D20070C39A /* CoreGraphics.framework */,
				6003F591195388D20070C39A /* UIKit.framework */,
				6003F5AF195388D20070C39A /* XCTest.framework */,
				B443E5AC583BDA9604398E21 /* Pods_BonMot_Example.framework */,
				B6389DCE3A27CBCE74FD0558 /* Pods_BonMot_Tests.framework */,
				745A723B8F4FF1EC168467CD /* Pods_BonMot_Example_iOS.framework */,
			);
			name = Frameworks;
			sourceTree = "<group>";
		};
		AB9C18DE1D99762E00A54787 /* Resources */ = {
			isa = PBXGroup;
			children = (
				AB9C18DF1D99762E00A54787 /* EBGaramond12-Regular.otf */,
				AB9C18E01D99762E00A54787 /* Images.xcassets */,
			);
			name = Resources;
			path = ../Resources;
			sourceTree = "<group>";
		};
		ABBFB3C01D998C4600881842 /* BonMot-Example-iOS */ = {
			isa = PBXGroup;
			children = (
				ABBFB3C11D998C4600881842 /* AppDelegate.swift */,
				ABBFB3C31D998C4600881842 /* CatalogViewController.swift */,
				ABBFB3C51D998C4600881842 /* DemoStrings.swift */,
				ABBFB3CE1D998C4600881842 /* StyleViewController.swift */,
				ABE89F041D99923E0083A1D8 /* Resources */,
				ABCD3DC01D96F45100273936 /* From Tests */,
			);
			path = "BonMot-Example-iOS";
			sourceTree = "<group>";
		};
		ABCD3DC01D96F45100273936 /* From Tests */ = {
			isa = PBXGroup;
			children = (
				ABCD3DC11D96F48E00273936 /* Compatibility.swift */,
			);
			name = "From Tests";
			path = ../BonMot;
			sourceTree = "<group>";
		};
		ABE89F041D99923E0083A1D8 /* Resources */ = {
			isa = PBXGroup;
			children = (
				ABE89F051D99923E0083A1D8 /* BonMot-Example-Info.plist */,
				ABE89F061D99923E0083A1D8 /* InfoPlist.strings */,
				ABE89F081D99923E0083A1D8 /* Launch Screen.xib */,
				ABE89F091D99923E0083A1D8 /* Main.storyboard */,
			);
			path = Resources;
			sourceTree = "<group>";
		};
		BB7225EE6835862C82E98F82 /* Pods */ = {
			isa = PBXGroup;
			children = (
				3C0F10DBAB5773FC171A6DED /* Pods-BonMot-Example-iOS.debug.xcconfig */,
				CF2B31826DC04E6717E436D8 /* Pods-BonMot-Example-iOS.release.xcconfig */,
			);
			name = Pods;
			sourceTree = "<group>";
		};
/* End PBXGroup section */

/* Begin PBXNativeTarget section */
		6003F589195388D20070C39A /* BonMot-Example-iOS */ = {
			isa = PBXNativeTarget;
			buildConfigurationList = 6003F5BF195388D20070C39A /* Build configuration list for PBXNativeTarget "BonMot-Example-iOS" */;
			buildPhases = (
				8C68FCB88A2099FC0ED0C459 /* [CP] Check Pods Manifest.lock */,
				6003F586195388D20070C39A /* Sources */,
				CD4B2FD41D9B0B61007CF808 /* SwiftLint */,
				6003F587195388D20070C39A /* Frameworks */,
				6003F588195388D20070C39A /* Resources */,
				73383AEA4ED2E87C93EC9D83 /* [CP] Embed Pods Frameworks */,
				B789BF00AD1FB29975CBE58F /* [CP] Copy Pods Resources */,
			);
			buildRules = (
			);
			dependencies = (
			);
			name = "BonMot-Example-iOS";
			productName = BonMot;
			productReference = 6003F58A195388D20070C39A /* BonMot-Example-iOS.app */;
			productType = "com.apple.product-type.application";
		};
/* End PBXNativeTarget section */

/* Begin PBXProject section */
		6003F582195388D10070C39A /* Project object */ = {
			isa = PBXProject;
			attributes = {
				CLASSPREFIX = "";
				LastSwiftUpdateCheck = 0730;
				LastUpgradeCheck = 0800;
				ORGANIZATIONNAME = "Zev Eisenberg";
				TargetAttributes = {
					6003F589195388D20070C39A = {
						LastSwiftMigration = 0800;
					};
				};
			};
			buildConfigurationList = 6003F585195388D10070C39A /* Build configuration list for PBXProject "BonMot-Example" */;
			compatibilityVersion = "Xcode 3.2";
			developmentRegion = English;
			hasScannedForEncodings = 0;
			knownRegions = (
				en,
				Base,
			);
			mainGroup = 6003F581195388D10070C39A;
			productRefGroup = 6003F58B195388D20070C39A /* Products */;
			projectDirPath = "";
			projectRoot = "";
			targets = (
				6003F589195388D20070C39A /* BonMot-Example-iOS */,
			);
		};
/* End PBXProject section */

/* Begin PBXResourcesBuildPhase section */
		6003F588195388D20070C39A /* Resources */ = {
			isa = PBXResourcesBuildPhase;
			buildActionMask = 2147483647;
			files = (
				AB9C18E11D99762E00A54787 /* EBGaramond12-Regular.otf in Resources */,
				ABE89F0B1D99923E0083A1D8 /* InfoPlist.strings in Resources */,
				AB9C18E21D99762E00A54787 /* Images.xcassets in Resources */,
				ABE89F0D1D99923E0083A1D8 /* Main.storyboard in Resources */,
				ABE89F0C1D99923E0083A1D8 /* Launch Screen.xib in Resources */,
			);
			runOnlyForDeploymentPostprocessing = 0;
		};
/* End PBXResourcesBuildPhase section */

/* Begin PBXShellScriptBuildPhase section */
		73383AEA4ED2E87C93EC9D83 /* [CP] Embed Pods Frameworks */ = {
			isa = PBXShellScriptBuildPhase;
			buildActionMask = 2147483647;
			files = (
			);
			inputPaths = (
			);
			name = "[CP] Embed Pods Frameworks";
			outputPaths = (
			);
			runOnlyForDeploymentPostprocessing = 0;
			shellPath = /bin/sh;
			shellScript = "\"${SRCROOT}/Pods/Target Support Files/Pods-BonMot-Example-iOS/Pods-BonMot-Example-iOS-frameworks.sh\"\n";
			showEnvVarsInLog = 0;
		};
		8C68FCB88A2099FC0ED0C459 /* [CP] Check Pods Manifest.lock */ = {
			isa = PBXShellScriptBuildPhase;
			buildActionMask = 2147483647;
			files = (
			);
			inputPaths = (
			);
			name = "[CP] Check Pods Manifest.lock";
			outputPaths = (
			);
			runOnlyForDeploymentPostprocessing = 0;
			shellPath = /bin/sh;
			shellScript = "diff \"${PODS_ROOT}/../Podfile.lock\" \"${PODS_ROOT}/Manifest.lock\" > /dev/null\nif [ $? != 0 ] ; then\n    # print error to STDERR\n    echo \"error: The sandbox is not in sync with the Podfile.lock. Run 'pod install' or update your CocoaPods installation.\" >&2\n    exit 1\nfi\n";
			showEnvVarsInLog = 0;
		};
		B789BF00AD1FB29975CBE58F /* [CP] Copy Pods Resources */ = {
			isa = PBXShellScriptBuildPhase;
			buildActionMask = 2147483647;
			files = (
			);
			inputPaths = (
			);
			name = "[CP] Copy Pods Resources";
			outputPaths = (
			);
			runOnlyForDeploymentPostprocessing = 0;
			shellPath = /bin/sh;
			shellScript = "\"${SRCROOT}/Pods/Target Support Files/Pods-BonMot-Example-iOS/Pods-BonMot-Example-iOS-resources.sh\"\n";
			showEnvVarsInLog = 0;
		};
		CD4B2FD41D9B0B61007CF808 /* SwiftLint */ = {
			isa = PBXShellScriptBuildPhase;
			buildActionMask = 2147483647;
			files = (
			);
			inputPaths = (
			);
			name = SwiftLint;
			outputPaths = (
			);
			runOnlyForDeploymentPostprocessing = 0;
			shellPath = /bin/sh;
			shellScript = "if which swiftlint >/dev/null; then\n    swiftlint\nelse\n    echo \"warning: SwiftLint not installed, download from https://github.com/realm/SwiftLint\"\nfi";
		};
/* End PBXShellScriptBuildPhase section */

/* Begin PBXSourcesBuildPhase section */
		6003F586195388D20070C39A /* Sources */ = {
			isa = PBXSourcesBuildPhase;
			buildActionMask = 2147483647;
			files = (
				ABBFB3D11D998C4600881842 /* CatalogViewController.swift in Sources */,
				ABBFB3D21D998C4600881842 /* DemoStrings.swift in Sources */,
				ABBFB3CF1D998C4600881842 /* AppDelegate.swift in Sources */,
				ABCD3DC21D96F48E00273936 /* Compatibility.swift in Sources */,
				ABBFB3D91D998C4600881842 /* StyleViewController.swift in Sources */,
			);
			runOnlyForDeploymentPostprocessing = 0;
		};
/* End PBXSourcesBuildPhase section */

/* Begin PBXVariantGroup section */
		ABE89F061D99923E0083A1D8 /* InfoPlist.strings */ = {
			isa = PBXVariantGroup;
			children = (
				ABE89F071D99923E0083A1D8 /* en */,
			);
			name = InfoPlist.strings;
			sourceTree = "<group>";
		};
/* End PBXVariantGroup section */

/* Begin XCBuildConfiguration section */
		6003F5BD195388D20070C39A /* Debug */ = {
			isa = XCBuildConfiguration;
			buildSettings = {
				ALWAYS_SEARCH_USER_PATHS = NO;
				CLANG_ANALYZER_NONNULL = YES;
				CLANG_CXX_LANGUAGE_STANDARD = "gnu++0x";
				CLANG_CXX_LIBRARY = "libc++";
				CLANG_ENABLE_MODULES = YES;
				CLANG_ENABLE_OBJC_ARC = YES;
				CLANG_WARN_BOOL_CONVERSION = YES;
				CLANG_WARN_CONSTANT_CONVERSION = YES;
				CLANG_WARN_DIRECT_OBJC_ISA_USAGE = YES_ERROR;
				CLANG_WARN_EMPTY_BODY = YES;
				CLANG_WARN_ENUM_CONVERSION = YES;
				CLANG_WARN_INFINITE_RECURSION = YES;
				CLANG_WARN_INT_CONVERSION = YES;
				CLANG_WARN_OBJC_ROOT_CLASS = YES_ERROR;
				CLANG_WARN_SUSPICIOUS_MOVE = YES;
				CLANG_WARN_UNREACHABLE_CODE = YES;
				CLANG_WARN__DUPLICATE_METHOD_MATCH = YES;
				"CODE_SIGN_IDENTITY[sdk=iphoneos*]" = "iPhone Developer";
				COPY_PHASE_STRIP = NO;
				ENABLE_STRICT_OBJC_MSGSEND = YES;
				ENABLE_TESTABILITY = YES;
				GCC_C_LANGUAGE_STANDARD = gnu99;
				GCC_DYNAMIC_NO_PIC = NO;
				GCC_NO_COMMON_BLOCKS = YES;
				GCC_OPTIMIZATION_LEVEL = 0;
				GCC_PREPROCESSOR_DEFINITIONS = (
					"DEBUG=1",
					"$(inherited)",
				);
				GCC_SYMBOLS_PRIVATE_EXTERN = NO;
				GCC_WARN_64_TO_32_BIT_CONVERSION = YES;
				GCC_WARN_ABOUT_RETURN_TYPE = YES_ERROR;
				GCC_WARN_UNDECLARED_SELECTOR = YES;
				GCC_WARN_UNINITIALIZED_AUTOS = YES_AGGRESSIVE;
				GCC_WARN_UNUSED_FUNCTION = YES;
				GCC_WARN_UNUSED_VARIABLE = YES;
				IPHONEOS_DEPLOYMENT_TARGET = 9.0;
				ONLY_ACTIVE_ARCH = YES;
				SDKROOT = iphoneos;
				SWIFT_VERSION = 3.0;
				TARGETED_DEVICE_FAMILY = "1,2";
				WARNING_CFLAGS = (
					"-Weverything",
					"-Wno-objc-missing-property-synthesis",
					"-Wno-objc-property-synthesis",
					"-Wno-direct-ivar-access",
					"-Wno-assign-enum",
					"-Wno-float-equal",
					"-Wno-sign-compare",
					"-Wno-switch-enum",
					"-Wno-gnu",
					"-Wnewline-eof",
					"-Rno-module-build",
					"-Wno-auto-import",
				);
			};
			name = Debug;
		};
		6003F5BE195388D20070C39A /* Release */ = {
			isa = XCBuildConfiguration;
			buildSettings = {
				ALWAYS_SEARCH_USER_PATHS = NO;
				CLANG_ANALYZER_NONNULL = YES;
				CLANG_CXX_LANGUAGE_STANDARD = "gnu++0x";
				CLANG_CXX_LIBRARY = "libc++";
				CLANG_ENABLE_MODULES = YES;
				CLANG_ENABLE_OBJC_ARC = YES;
				CLANG_WARN_BOOL_CONVERSION = YES;
				CLANG_WARN_CONSTANT_CONVERSION = YES;
				CLANG_WARN_DIRECT_OBJC_ISA_USAGE = YES_ERROR;
				CLANG_WARN_EMPTY_BODY = YES;
				CLANG_WARN_ENUM_CONVERSION = YES;
				CLANG_WARN_INFINITE_RECURSION = YES;
				CLANG_WARN_INT_CONVERSION = YES;
				CLANG_WARN_OBJC_ROOT_CLASS = YES_ERROR;
				CLANG_WARN_SUSPICIOUS_MOVE = YES;
				CLANG_WARN_UNREACHABLE_CODE = YES;
				CLANG_WARN__DUPLICATE_METHOD_MATCH = YES;
				"CODE_SIGN_IDENTITY[sdk=iphoneos*]" = "iPhone Developer";
				COPY_PHASE_STRIP = YES;
				ENABLE_NS_ASSERTIONS = NO;
				ENABLE_STRICT_OBJC_MSGSEND = YES;
				GCC_C_LANGUAGE_STANDARD = gnu99;
				GCC_NO_COMMON_BLOCKS = YES;
				GCC_WARN_64_TO_32_BIT_CONVERSION = YES;
				GCC_WARN_ABOUT_RETURN_TYPE = YES_ERROR;
				GCC_WARN_UNDECLARED_SELECTOR = YES;
				GCC_WARN_UNINITIALIZED_AUTOS = YES_AGGRESSIVE;
				GCC_WARN_UNUSED_FUNCTION = YES;
				GCC_WARN_UNUSED_VARIABLE = YES;
				IPHONEOS_DEPLOYMENT_TARGET = 9.0;
				SDKROOT = iphoneos;
				SWIFT_OPTIMIZATION_LEVEL = "-Owholemodule";
				SWIFT_VERSION = 3.0;
				TARGETED_DEVICE_FAMILY = "1,2";
				VALIDATE_PRODUCT = YES;
				WARNING_CFLAGS = (
					"-Weverything",
					"-Wno-objc-missing-property-synthesis",
					"-Wno-objc-property-synthesis",
					"-Wno-direct-ivar-access",
					"-Wno-assign-enum",
					"-Wno-float-equal",
					"-Wno-sign-compare",
					"-Wno-switch-enum",
					"-Wno-gnu",
					"-Wnewline-eof",
					"-Rno-module-build",
					"-Wno-auto-import",
				);
			};
			name = Release;
		};
		6003F5C0195388D20070C39A /* Debug */ = {
			isa = XCBuildConfiguration;
			baseConfigurationReference = 3C0F10DBAB5773FC171A6DED /* Pods-BonMot-Example-iOS.debug.xcconfig */;
			buildSettings = {
				ASSETCATALOG_COMPILER_APPICON_NAME = AppIcon;
				ASSETCATALOG_COMPILER_LAUNCHIMAGE_NAME = LaunchImage;
				CLANG_ENABLE_MODULES = YES;
				INFOPLIST_FILE = "BonMot-Example-iOS/Resources/BonMot-Example-Info.plist";
				IPHONEOS_DEPLOYMENT_TARGET = 9.0;
				LD_RUNPATH_SEARCH_PATHS = "$(inherited) @executable_path/Frameworks";
				MODULE_NAME = ExampleApp;
				PRODUCT_BUNDLE_IDENTIFIER = com.raizlabs.demo.BonMot;
				PRODUCT_NAME = "$(TARGET_NAME)";
				SWIFT_OPTIMIZATION_LEVEL = "-Onone";
				WRAPPER_EXTENSION = app;
			};
			name = Debug;
		};
		6003F5C1195388D20070C39A /* Release */ = {
			isa = XCBuildConfiguration;
			baseConfigurationReference = CF2B31826DC04E6717E436D8 /* Pods-BonMot-Example-iOS.release.xcconfig */;
			buildSettings = {
				ASSETCATALOG_COMPILER_APPICON_NAME = AppIcon;
				ASSETCATALOG_COMPILER_LAUNCHIMAGE_NAME = LaunchImage;
				CLANG_ENABLE_MODULES = YES;
				INFOPLIST_FILE = "BonMot-Example-iOS/Resources/BonMot-Example-Info.plist";
				IPHONEOS_DEPLOYMENT_TARGET = 9.0;
				LD_RUNPATH_SEARCH_PATHS = "$(inherited) @executable_path/Frameworks";
				MODULE_NAME = ExampleApp;
				PRODUCT_BUNDLE_IDENTIFIER = com.raizlabs.demo.BonMot;
				PRODUCT_NAME = "$(TARGET_NAME)";
				WRAPPER_EXTENSION = app;
			};
			name = Release;
		};
/* End XCBuildConfiguration section */

/* Begin XCConfigurationList section */
		6003F585195388D10070C39A /* Build configuration list for PBXProject "BonMot-Example" */ = {
			isa = XCConfigurationList;
			buildConfigurations = (
				6003F5BD195388D20070C39A /* Debug */,
				6003F5BE195388D20070C39A /* Release */,
			);
			defaultConfigurationIsVisible = 0;
			defaultConfigurationName = Release;
		};
		6003F5BF195388D20070C39A /* Build configuration list for PBXNativeTarget "BonMot-Example-iOS" */ = {
			isa = XCConfigurationList;
			buildConfigurations = (
				6003F5C0195388D20070C39A /* Debug */,
				6003F5C1195388D20070C39A /* Release */,
			);
			defaultConfigurationIsVisible = 0;
			defaultConfigurationName = Release;
		};
/* End XCConfigurationList section */
	};
	rootObject = 6003F582195388D10070C39A /* Project object */;
}
